// !$*UTF8*$!
{
	archiveVersion = 1;
	classes = {
	};
	objectVersion = 46;
	objects = {

/* Begin PBXBuildFile section */
		0025469017904E9800E5C4D3 /* L9AthleteDataCell.m in Sources */ = {isa = PBXBuildFile; fileRef = 0025468F17904E9800E5C4D3 /* L9AthleteDataCell.m */; };
		00373619178F3534004D7853 /* UIKit.framework in Frameworks */ = {isa = PBXBuildFile; fileRef = 00373618178F3534004D7853 /* UIKit.framework */; };
		0037361B178F3534004D7853 /* Foundation.framework in Frameworks */ = {isa = PBXBuildFile; fileRef = 0037361A178F3534004D7853 /* Foundation.framework */; };
		0037361D178F3534004D7853 /* CoreGraphics.framework in Frameworks */ = {isa = PBXBuildFile; fileRef = 0037361C178F3534004D7853 /* CoreGraphics.framework */; };
		00373623178F3534004D7853 /* InfoPlist.strings in Resources */ = {isa = PBXBuildFile; fileRef = 00373621178F3534004D7853 /* InfoPlist.strings */; };
		00373625178F3534004D7853 /* main.m in Sources */ = {isa = PBXBuildFile; fileRef = 00373624178F3534004D7853 /* main.m */; };
		00373629178F3534004D7853 /* L9AppDelegate.m in Sources */ = {isa = PBXBuildFile; fileRef = 00373628178F3534004D7853 /* L9AppDelegate.m */; };
		0037362B178F3534004D7853 /* Default.png in Resources */ = {isa = PBXBuildFile; fileRef = 0037362A178F3534004D7853 /* Default.png */; };
		0037362D178F3534004D7853 /* Default@2x.png in Resources */ = {isa = PBXBuildFile; fileRef = 0037362C178F3534004D7853 /* Default@2x.png */; };
		0037362F178F3534004D7853 /* Default-568h@2x.png in Resources */ = {isa = PBXBuildFile; fileRef = 0037362E178F3534004D7853 /* Default-568h@2x.png */; };
		00373632178F3534004D7853 /* MainStoryboard.storyboard in Resources */ = {isa = PBXBuildFile; fileRef = 00373630178F3534004D7853 /* MainStoryboard.storyboard */; };
		00373635178F3534004D7853 /* L9ViewController.m in Sources */ = {isa = PBXBuildFile; fileRef = 00373634178F3534004D7853 /* L9ViewController.m */; };
/* End PBXBuildFile section */

/* Begin PBXFileReference section */
		0025468E17904E9800E5C4D3 /* L9AthleteDataCell.h */ = {isa = PBXFileReference; fileEncoding = 4; lastKnownFileType = sourcecode.c.h; path = L9AthleteDataCell.h; sourceTree = "<group>"; };
		0025468F17904E9800E5C4D3 /* L9AthleteDataCell.m */ = {isa = PBXFileReference; fileEncoding = 4; lastKnownFileType = sourcecode.c.objc; path = L9AthleteDataCell.m; sourceTree = "<group>"; };
		00373615178F3534004D7853 /* XCodeSandbox.app */ = {isa = PBXFileReference; explicitFileType = wrapper.application; includeInIndex = 0; path = XCodeSandbox.app; sourceTree = BUILT_PRODUCTS_DIR; };
		00373618178F3534004D7853 /* UIKit.framework */ = {isa = PBXFileReference; lastKnownFileType = wrapper.framework; name = UIKit.framework; path = System/Library/Frameworks/UIKit.framework; sourceTree = SDKROOT; };
		0037361A178F3534004D7853 /* Foundation.framework */ = {isa = PBXFileReference; lastKnownFileType = wrapper.framework; name = Foundation.framework; path = System/Library/Frameworks/Foundation.framework; sourceTree = SDKROOT; };
		0037361C178F3534004D7853 /* CoreGraphics.framework */ = {isa = PBXFileReference; lastKnownFileType = wrapper.framework; name = CoreGraphics.framework; path = System/Library/Frameworks/CoreGraphics.framework; sourceTree = SDKROOT; };
		00373620178F3534004D7853 /* XCodeSandbox-Info.plist */ = {isa = PBXFileReference; lastKnownFileType = text.plist.xml; path = "XCodeSandbox-Info.plist"; sourceTree = "<group>"; };
		00373622178F3534004D7853 /* en */ = {isa = PBXFileReference; lastKnownFileType = text.plist.strings; name = en; path = en.lproj/InfoPlist.strings; sourceTree = "<group>"; };
		00373624178F3534004D7853 /* main.m */ = {isa = PBXFileReference; lastKnownFileType = sourcecode.c.objc; path = main.m; sourceTree = "<group>"; };
		00373626178F3534004D7853 /* XCodeSandbox-Prefix.pch */ = {isa = PBXFileReference; lastKnownFileType = sourcecode.c.h; path = "XCodeSandbox-Prefix.pch"; sourceTree = "<group>"; };
		00373627178F3534004D7853 /* L9AppDelegate.h */ = {isa = PBXFileReference; lastKnownFileType = sourcecode.c.h; path = L9AppDelegate.h; sourceTree = "<group>"; };
		00373628178F3534004D7853 /* L9AppDelegate.m */ = {isa = PBXFileReference; lastKnownFileType = sourcecode.c.objc; path = L9AppDelegate.m; sourceTree = "<group>"; };
		0037362A178F3534004D7853 /* Default.png */ = {isa = PBXFileReference; lastKnownFileType = image.png; path = Default.png; sourceTree = "<group>"; };
		0037362C178F3534004D7853 /* Default@2x.png */ = {isa = PBXFileReference; lastKnownFileType = image.png; path = "Default@2x.png"; sourceTree = "<group>"; };
		0037362E178F3534004D7853 /* Default-568h@2x.png */ = {isa = PBXFileReference; lastKnownFileType = image.png; path = "Default-568h@2x.png"; sourceTree = "<group>"; };
		00373631178F3534004D7853 /* en */ = {isa = PBXFileReference; lastKnownFileType = file.storyboard; name = en; path = en.lproj/MainStoryboard.storyboard; sourceTree = "<group>"; };
		00373633178F3534004D7853 /* L9ViewController.h */ = {isa = PBXFileReference; lastKnownFileType = sourcecode.c.h; path = L9ViewController.h; sourceTree = "<group>"; };
		00373634178F3534004D7853 /* L9ViewController.m */ = {isa = PBXFileReference; lastKnownFileType = sourcecode.c.objc; path = L9ViewController.m; sourceTree = "<group>"; };
		00AD772417C79C46007A658B /* versioning.sh */ = {isa = PBXFileReference; lastKnownFileType = text.script.sh; path = versioning.sh; sourceTree = "<group>"; };
/* End PBXFileReference section */

/* Begin PBXFrameworksBuildPhase section */
		00373612178F3534004D7853 /* Frameworks */ = {
			isa = PBXFrameworksBuildPhase;
			buildActionMask = 2147483647;
			files = (
				00373619178F3534004D7853 /* UIKit.framework in Frameworks */,
				0037361B178F3534004D7853 /* Foundation.framework in Frameworks */,
				0037361D178F3534004D7853 /* CoreGraphics.framework in Frameworks */,
			);
			runOnlyForDeploymentPostprocessing = 0;
		};
/* End PBXFrameworksBuildPhase section */

/* Begin PBXGroup section */
		0037360C178F3534004D7853 = {
			isa = PBXGroup;
			children = (
				0037361E178F3534004D7853 /* XCodeSandbox */,
				00373617178F3534004D7853 /* Frameworks */,
				00373616178F3534004D7853 /* Products */,
			);
			sourceTree = "<group>";
		};
		00373616178F3534004D7853 /* Products */ = {
			isa = PBXGroup;
			children = (
				00373615178F3534004D7853 /* XCodeSandbox.app */,
			);
			name = Products;
			sourceTree = "<group>";
		};
		00373617178F3534004D7853 /* Frameworks */ = {
			isa = PBXGroup;
			children = (
				00373618178F3534004D7853 /* UIKit.framework */,
				0037361A178F3534004D7853 /* Foundation.framework */,
				0037361C178F3534004D7853 /* CoreGraphics.framework */,
			);
			name = Frameworks;
			sourceTree = "<group>";
		};
		0037361E178F3534004D7853 /* XCodeSandbox */ = {
			isa = PBXGroup;
			children = (
				00373627178F3534004D7853 /* L9AppDelegate.h */,
				00373628178F3534004D7853 /* L9AppDelegate.m */,
				00373630178F3534004D7853 /* MainStoryboard.storyboard */,
				00373633178F3534004D7853 /* L9ViewController.h */,
				00373634178F3534004D7853 /* L9ViewController.m */,
				0037361F178F3534004D7853 /* Supporting Files */,
				0025468E17904E9800E5C4D3 /* L9AthleteDataCell.h */,
				0025468F17904E9800E5C4D3 /* L9AthleteDataCell.m */,
				00AD772417C79C46007A658B /* versioning.sh */,
			);
			path = XCodeSandbox;
			sourceTree = "<group>";
		};
		0037361F178F3534004D7853 /* Supporting Files */ = {
			isa = PBXGroup;
			children = (
				0037363B178F468F004D7853 /* images */,
				00373620178F3534004D7853 /* XCodeSandbox-Info.plist */,
				00373621178F3534004D7853 /* InfoPlist.strings */,
				00373624178F3534004D7853 /* main.m */,
				00373626178F3534004D7853 /* XCodeSandbox-Prefix.pch */,
				0037362A178F3534004D7853 /* Default.png */,
				0037362C178F3534004D7853 /* Default@2x.png */,
				0037362E178F3534004D7853 /* Default-568h@2x.png */,
			);
			name = "Supporting Files";
			sourceTree = "<group>";
		};
		0037363B178F468F004D7853 /* images */ = {
			isa = PBXGroup;
			children = (
			);
			name = images;
			sourceTree = "<group>";
		};
/* End PBXGroup section */

/* Begin PBXNativeTarget section */
		00373614178F3534004D7853 /* XCodeSandbox */ = {
			isa = PBXNativeTarget;
			buildConfigurationList = 00373638178F3534004D7853 /* Build configuration list for PBXNativeTarget "XCodeSandbox" */;
			buildPhases = (
				00AD772317C79AC4007A658B /* ShellScript */,
				00373611178F3534004D7853 /* Sources */,
				00373612178F3534004D7853 /* Frameworks */,
				00373613178F3534004D7853 /* Resources */,
			);
			buildRules = (
			);
			dependencies = (
			);
			name = XCodeSandbox;
			productName = XCodeSandbox;
			productReference = 00373615178F3534004D7853 /* XCodeSandbox.app */;
			productType = "com.apple.product-type.application";
		};
/* End PBXNativeTarget section */

/* Begin PBXProject section */
		0037360D178F3534004D7853 /* Project object */ = {
			isa = PBXProject;
			attributes = {
				CLASSPREFIX = L9;
				LastUpgradeCheck = 0460;
				ORGANIZATIONNAME = "Mark Gentzel";
			};
			buildConfigurationList = 00373610178F3534004D7853 /* Build configuration list for PBXProject "XCodeSandbox" */;
			compatibilityVersion = "Xcode 3.2";
			developmentRegion = English;
			hasScannedForEncodings = 0;
			knownRegions = (
				en,
			);
			mainGroup = 0037360C178F3534004D7853;
			productRefGroup = 00373616178F3534004D7853 /* Products */;
			projectDirPath = "";
			projectRoot = "";
			targets = (
				00373614178F3534004D7853 /* XCodeSandbox */,
			);
		};
/* End PBXProject section */

/* Begin PBXResourcesBuildPhase section */
		00373613178F3534004D7853 /* Resources */ = {
			isa = PBXResourcesBuildPhase;
			buildActionMask = 2147483647;
			files = (
				00373623178F3534004D7853 /* InfoPlist.strings in Resources */,
				0037362B178F3534004D7853 /* Default.png in Resources */,
				0037362D178F3534004D7853 /* Default@2x.png in Resources */,
				0037362F178F3534004D7853 /* Default-568h@2x.png in Resources */,
				00373632178F3534004D7853 /* MainStoryboard.storyboard in Resources */,
			);
			runOnlyForDeploymentPostprocessing = 0;
		};
/* End PBXResourcesBuildPhase section */

/* Begin PBXShellScriptBuildPhase section */
		00AD772317C79AC4007A658B /* ShellScript */ = {
			isa = PBXShellScriptBuildPhase;
			buildActionMask = 2147483647;
			files = (
			);
			inputPaths = (
			);
			outputPaths = (
			);
			runOnlyForDeploymentPostprocessing = 0;
			shellPath = /bin/sh;
			shellScript = "echo \"RUNNING\"\n\n#commit=$(git log  -1 |grep commit |cut -c8-)\n#count=$(git log --pretty=oneline | wc -l | tr -d ' ')\ncommit=$(git log --pretty=format:\"%h\" -1)\ncount=$(git log --pretty=oneline | wc -l | tr -d ' ')\necho $commit\necho $count\ncommit=\"$commit.$count\"\necho $commit\necho $commit > git-info-test.txt\n#export git_commit=$(cat git-info-test.txt)\nexport git_commit=\"$commit\"\necho ${git_commit}\n#if [\"$CONFIGURATION\" == \"Debug\"]; then\n#echo \"EDIT PLIST\"\n#export git_commit=$(cat poc/git-info.txt)\n/usr/libexec/PlistBuddy -c \"Set :CFBundleVersion '${git_commit}'\" \"$INFOPLIST_FILE\"\n#fi";
		};
/* End PBXShellScriptBuildPhase section */

/* Begin PBXSourcesBuildPhase section */
		00373611178F3534004D7853 /* Sources */ = {
			isa = PBXSourcesBuildPhase;
			buildActionMask = 2147483647;
			files = (
				00373625178F3534004D7853 /* main.m in Sources */,
				00373629178F3534004D7853 /* L9AppDelegate.m in Sources */,
				00373635178F3534004D7853 /* L9ViewController.m in Sources */,
				0025469017904E9800E5C4D3 /* L9AthleteDataCell.m in Sources */,
			);
			runOnlyForDeploymentPostprocessing = 0;
		};
/* End PBXSourcesBuildPhase section */

/* Begin PBXVariantGroup section */
		00373621178F3534004D7853 /* InfoPlist.strings */ = {
			isa = PBXVariantGroup;
			children = (
				00373622178F3534004D7853 /* en */,
			);
			name = InfoPlist.strings;
			sourceTree = "<group>";
		};
		00373630178F3534004D7853 /* MainStoryboard.storyboard */ = {
			isa = PBXVariantGroup;
			children = (
				00373631178F3534004D7853 /* en */,
			);
			name = MainStoryboard.storyboard;
			sourceTree = "<group>";
		};
/* End PBXVariantGroup section */

/* Begin XCBuildConfiguration section */
		00373636178F3534004D7853 /* Debug */ = {
			isa = XCBuildConfiguration;
			buildSettings = {
				ALWAYS_SEARCH_USER_PATHS = NO;
				CLANG_CXX_LANGUAGE_STANDARD = "gnu++0x";
				CLANG_CXX_LIBRARY = "libc++";
				CLANG_WARN_CONSTANT_CONVERSION = YES;
				CLANG_WARN_EMPTY_BODY = YES;
				CLANG_WARN_ENUM_CONVERSION = YES;
				CLANG_WARN_INT_CONVERSION = YES;
				CLANG_WARN__DUPLICATE_METHOD_MATCH = YES;
				"CODE_SIGN_IDENTITY[sdk=iphoneos*]" = "iPhone Developer";
				COPY_PHASE_STRIP = NO;
				GCC_C_LANGUAGE_STANDARD = gnu99;
				GCC_DYNAMIC_NO_PIC = NO;
				GCC_OPTIMIZATION_LEVEL = 0;
				GCC_PREPROCESSOR_DEFINITIONS = (
					"DEBUG=1",
					"$(inherited)",
				);
				GCC_SYMBOLS_PRIVATE_EXTERN = NO;
				GCC_WARN_ABOUT_RETURN_TYPE = YES;
				GCC_WARN_UNINITIALIZED_AUTOS = YES;
				GCC_WARN_UNUSED_VARIABLE = YES;
				IPHONEOS_DEPLOYMENT_TARGET = 6.1;
				ONLY_ACTIVE_ARCH = YES;
				SDKROOT = iphoneos;
				TARGETED_DEVICE_FAMILY = 2;
			};
			name = Debug;
		};
		00373637178F3534004D7853 /* Release */ = {
			isa = XCBuildConfiguration;
			buildSettings = {
				ALWAYS_SEARCH_USER_PATHS = NO;
				CLANG_CXX_LANGUAGE_STANDARD = "gnu++0x";
				CLANG_CXX_LIBRARY = "libc++";
				CLANG_WARN_CONSTANT_CONVERSION = YES;
				CLANG_WARN_EMPTY_BODY = YES;
				CLANG_WARN_ENUM_CONVERSION = YES;
				CLANG_WARN_INT_CONVERSION = YES;
				CLANG_WARN__DUPLICATE_METHOD_MATCH = YES;
				"CODE_SIGN_IDENTITY[sdk=iphoneos*]" = "iPhone Developer";
				COPY_PHASE_STRIP = YES;
				GCC_C_LANGUAGE_STANDARD = gnu99;
				GCC_WARN_ABOUT_RETURN_TYPE = YES;
				GCC_WARN_UNINITIALIZED_AUTOS = YES;
				GCC_WARN_UNUSED_VARIABLE = YES;
				IPHONEOS_DEPLOYMENT_TARGET = 6.1;
				OTHER_CFLAGS = "-DNS_BLOCK_ASSERTIONS=1";
				SDKROOT = iphoneos;
				TARGETED_DEVICE_FAMILY = 2;
				VALIDATE_PRODUCT = YES;
			};
			name = Release;
		};
		00373639178F3534004D7853 /* Debug */ = {
			isa = XCBuildConfiguration;
			buildSettings = {
				CLANG_ENABLE_OBJC_ARC = YES;
				GCC_PRECOMPILE_PREFIX_HEADER = YES;
				GCC_PREFIX_HEADER = "XCodeSandbox/XCodeSandbox-Prefix.pch";
				INFOPLIST_FILE = "XCodeSandbox/XCodeSandbox-Info.plist";
				PRODUCT_NAME = "$(TARGET_NAME)";
				WRAPPER_EXTENSION = app;
			};
			name = Debug;
		};
		0037363A178F3534004D7853 /* Release */ = {
			isa = XCBuildConfiguration;
			buildSettings = {
				CLANG_ENABLE_OBJC_ARC = YES;
				GCC_PRECOMPILE_PREFIX_HEADER = YES;
				GCC_PREFIX_HEADER = "XCodeSandbox/XCodeSandbox-Prefix.pch";
				INFOPLIST_FILE = "XCodeSandbox/XCodeSandbox-Info.plist";
				PRODUCT_NAME = "$(TARGET_NAME)";
				WRAPPER_EXTENSION = app;
			};
			name = Release;
		};
/* End XCBuildConfiguration section */

/* Begin XCConfigurationList section */
		00373610178F3534004D7853 /* Build configuration list for PBXProject "XCodeSandbox" */ = {
			isa = XCConfigurationList;
			buildConfigurations = (
				00373636178F3534004D7853 /* Debug */,
				00373637178F3534004D7853 /* Release */,
			);
			defaultConfigurationIsVisible = 0;
			defaultConfigurationName = Release;
		};
		00373638178F3534004D7853 /* Build configuration list for PBXNativeTarget "XCodeSandbox" */ = {
			isa = XCConfigurationList;
			buildConfigurations = (
				00373639178F3534004D7853 /* Debug */,
				0037363A178F3534004D7853 /* Release */,
			);
			defaultConfigurationIsVisible = 0;
			defaultConfigurationName = Release;
		};
/* End XCConfigurationList section */
	};
	rootObject = 0037360D178F3534004D7853 /* Project object */;
}
